
Microsoft Visual Studio Solution File, Format Version 12.00
# Visual Studio 15
VisualStudioVersion = 15.0.27703.2035
MinimumVisualStudioVersion = 10.0.40219.1
Project("{FAE04EC0-301F-11D3-BF4B-00C04F79EFBC}") = "MemoryGameRee", "MemoryGameRee\MemoryGameRee.csproj", "{B94250D9-399D-4341-A577-5DC18A256D7B}"
EndProject
Global
	GlobalSection(SolutionConfigurationPlatforms) = preSolution
		Debug|Any CPU = Debug|Any CPU
		Release|Any CPU = Release|Any CPU
	EndGlobalSection
	GlobalSection(ProjectConfigurationPlatforms) = postSolution
		{B94250D9-399D-4341-A577-5DC18A256D7B}.Debug|Any CPU.ActiveCfg = Debug|Any CPU
		{B94250D9-399D-4341-A577-5DC18A256D7B}.Debug|Any CPU.Build.0 = Debug|Any CPU
		{B94250D9-399D-4341-A577-5DC18A256D7B}.Release|Any CPU.ActiveCfg = Release|Any CPU
		{B94250D9-399D-4341-A577-5DC18A256D7B}.Release|Any CPU.Build.0 = Release|Any CPU
	EndGlobalSection
	GlobalSection(SolutionProperties) = preSolution
		HideSolutionNode = FALSE
	EndGlobalSection
	GlobalSection(ExtensibilityGlobals) = postSolution
		SolutionGuid = {1B4788EC-DD9B-4EF7-BC44-309A5A9D7EC8}
	EndGlobalSection
EndGlobal
